
Microsoft Visual Studio Solution File, Format Version 12.00
# Visual Studio Version 16
VisualStudioVersion = 16.0.30611.23
MinimumVisualStudioVersion = 10.0.40219.1
Project("{9A19103F-16F7-4668-BE54-9A1E7A4F7556}") = "Apollo.Domain", "Apollo.Domain\Apollo.Domain.csproj", "{6CF6D3B9-03A2-4ADD-AD70-F4E810100D59}"
EndProject
Project("{9A19103F-16F7-4668-BE54-9A1E7A4F7556}") = "Apollo.Persistence", "Apollo.Persistence\Apollo.Persistence.csproj", "{56A6ED69-C3B6-4AFD-8269-87149E6F7E15}"
EndProject
Project("{9A19103F-16F7-4668-BE54-9A1E7A4F7556}") = "Apollo.Util", "Apollo.Util\Apollo.Util.csproj", "{E118B516-0372-4FD3-BD71-1A315C3936E6}"
EndProject
Project("{9A19103F-16F7-4668-BE54-9A1E7A4F7556}") = "Apollo.Repository", "Apollo.Repository\Apollo.Repository.csproj", "{54671843-8D9C-4DCE-98FD-BDB8A425C6FF}"
EndProject
Project("{9A19103F-16F7-4668-BE54-9A1E7A4F7556}") = "Apollo.Persistence.Test", "Apollo.Persistence.Test\Apollo.Persistence.Test.csproj", "{361EA657-AD53-416E-BBA2-9E08F7800BF2}"
EndProject
Project("{9A19103F-16F7-4668-BE54-9A1E7A4F7556}") = "Apollo.Import", "Apollo.Import\Apollo.Import.csproj", "{94354D48-CC2C-4AF7-8322-AA97FF50DE77}"
EndProject
Project("{9A19103F-16F7-4668-BE54-9A1E7A4F7556}") = "Apollo.Util.Test", "Apollo.Util.Test\Apollo.Util.Test.csproj", "{718B79C3-C46A-4568-B1F2-FB900E1C48A4}"
EndProject
Project("{9A19103F-16F7-4668-BE54-9A1E7A4F7556}") = "Apollo.Persistence.Attributes", "Apollo.Persistence.Attributes\Apollo.Persistence.Attributes.csproj", "{9B780223-EDEB-4CEC-A52E-A1193B686F33}"
EndProject
Project("{9A19103F-16F7-4668-BE54-9A1E7A4F7556}") = "Apollo.UnitOfWork", "Apollo.UnitOfWork\Apollo.UnitOfWork.csproj", "{6BB10515-D300-4862-B097-C2FE687155C8}"
EndProject
Project("{9A19103F-16F7-4668-BE54-9A1E7A4F7556}") = "Apollo.UnitOfWork.Test", "Apollo.UnitOfWork.Test\Apollo.UnitOfWork.Test.csproj", "{926BE5C1-6FA0-4343-A71E-DA936378C1C4}"
EndProject
Project("{9A19103F-16F7-4668-BE54-9A1E7A4F7556}") = "Apollo.Repository.Test", "Apollo.Repository.Test\Apollo.Repository.Test.csproj", "{DC410431-AFEB-4E35-BF6B-E4E8BB99C61E}"
EndProject
Project("{9A19103F-16F7-4668-BE54-9A1E7A4F7556}") = "Apollo.Domain.Test", "Apollo.Domain.Test\Apollo.Domain.Test.csproj", "{7249C58E-B43F-4F5F-8473-62992595BAF1}"
EndProject
Project("{9A19103F-16F7-4668-BE54-9A1E7A4F7556}") = "Apollo.Persistence.Exception", "Apollo.Persistence.Exception\Apollo.Persistence.Exception.csproj", "{E0349A67-F7FF-47DF-AF78-F86E12CCBF9D}"
EndProject
Project("{9A19103F-16F7-4668-BE54-9A1E7A4F7556}") = "Apollo.Payment", "Apollo.Payment\Apollo.Payment.csproj", "{A1B0F154-DCF8-4FB8-9013-D9CA766F7622}"
EndProject
Project("{9A19103F-16F7-4668-BE54-9A1E7A4F7556}") = "Apollo.Payment.Adapter", "Apollo.Payment.Adapter\Apollo.Payment.Adapter.csproj", "{A18435FB-C0D7-40A1-9780-3DA6CC28F418}"
EndProject
Project("{9A19103F-16F7-4668-BE54-9A1E7A4F7556}") = "Apollo.Payment.Adapter.Test", "Apollo.Payment.Adapter.Test\Apollo.Payment.Adapter.Test.csproj", "{5907C612-9C7E-404C-B97E-6A84EAB6CDEC}"
EndProject
Project("{9A19103F-16F7-4668-BE54-9A1E7A4F7556}") = "Apollo.Payment.Domain", "Apollo.Payment.Domain\Apollo.Payment.Domain.csproj", "{B5AE9CC1-0400-4150-A262-2B58E09288A9}"
EndProject
Project("{9A19103F-16F7-4668-BE54-9A1E7A4F7556}") = "Apollo.Payment.Test", "Apollo.Payment.Test\Apollo.Payment.Test.csproj", "{2B2EF5B4-34DF-4188-BB3D-EEDB1D7F7BDE}"
EndProject
Project("{9A19103F-16F7-4668-BE54-9A1E7A4F7556}") = "Apollo.Core.Test", "Apollo.Core.Test\Apollo.Core.Test.csproj", "{B5AACE80-9154-4EBB-AD0B-DDE744E8D169}"
EndProject
Project("{9A19103F-16F7-4668-BE54-9A1E7A4F7556}") = "Apollo.Core.Dto", "Apollo.Core.Dto\Apollo.Core.Dto.csproj", "{57EECEF8-DEEB-4FDF-AD7F-736D7E764480}"
EndProject
Project("{9A19103F-16F7-4668-BE54-9A1E7A4F7556}") = "Apollo.Core.Dto.Test", "Apollo.Core.Dto.Test\Apollo.Core.Dto.Test.csproj", "{14919CA0-1707-4ED6-8473-F17A69F96A32}"
EndProject
Project("{9A19103F-16F7-4668-BE54-9A1E7A4F7556}") = "Apollo.Core.Exception", "Apollo.Core.Exception\Apollo.Core.Exception.csproj", "{C9C35428-FA73-4A16-A060-1DA1E75EC2B4}"
EndProject
Project("{9A19103F-16F7-4668-BE54-9A1E7A4F7556}") = "Apollo.Core.External", "Apollo.Core.External\Apollo.Core.External.csproj", "{C4BC2668-C3D9-4EC9-AB9A-0CBEB252DE73}"
EndProject
Project("{9A19103F-16F7-4668-BE54-9A1E7A4F7556}") = "Apollo.Core.External.Test", "Apollo.Core.External.Test\Apollo.Core.External.Test.csproj", "{38E93689-1FD4-4EEC-B23E-8232C8E43EB1}"
EndProject
Project("{9A19103F-16F7-4668-BE54-9A1E7A4F7556}") = "Apollo.Core.Validation", "Apollo.Core.Validation\Apollo.Core.Validation.csproj", "{A8631898-6FA1-4A39-AE17-FA835468B855}"
EndProject
Project("{9A19103F-16F7-4668-BE54-9A1E7A4F7556}") = "Apollo.Core", "Apollo.Core\Apollo.Core.csproj", "{AA7E308B-5423-4F90-822E-B4549639B57D}"
EndProject
Project("{9A19103F-16F7-4668-BE54-9A1E7A4F7556}") = "Apollo.Terminal", "Apollo.Terminal\Apollo.Terminal.csproj", "{7E305FD4-C90D-40BE-AC13-DE7C57626F5A}"
EndProject
Project("{9A19103F-16F7-4668-BE54-9A1E7A4F7556}") = "Apollo.Api", "Apollo.Api\Apollo.Api.csproj", "{4AD04AC6-8523-465A-8CB6-8B7BAE2F2888}"
EndProject
Project("{FAE04EC0-301F-11D3-BF4B-00C04F79EFBC}") = "Apollo.Api.Test", "Apollo.Api.Test\Apollo.Api.Test.csproj", "{D846ED0C-3D7C-4860-9F2E-44974598A3DB}"
EndProject
Global
	GlobalSection(SolutionConfigurationPlatforms) = preSolution
		CI|Any CPU = CI|Any CPU
		Debug|Any CPU = Debug|Any CPU
		Release|Any CPU = Release|Any CPU
	EndGlobalSection
	GlobalSection(ProjectConfigurationPlatforms) = postSolution
		{6CF6D3B9-03A2-4ADD-AD70-F4E810100D59}.CI|Any CPU.ActiveCfg = Github|Any CPU
		{6CF6D3B9-03A2-4ADD-AD70-F4E810100D59}.CI|Any CPU.Build.0 = Github|Any CPU
		{6CF6D3B9-03A2-4ADD-AD70-F4E810100D59}.Debug|Any CPU.ActiveCfg = Debug|Any CPU
		{6CF6D3B9-03A2-4ADD-AD70-F4E810100D59}.Debug|Any CPU.Build.0 = Debug|Any CPU
		{6CF6D3B9-03A2-4ADD-AD70-F4E810100D59}.Release|Any CPU.ActiveCfg = Release|Any CPU
		{6CF6D3B9-03A2-4ADD-AD70-F4E810100D59}.Release|Any CPU.Build.0 = Release|Any CPU
		{56A6ED69-C3B6-4AFD-8269-87149E6F7E15}.CI|Any CPU.ActiveCfg = Github|Any CPU
		{56A6ED69-C3B6-4AFD-8269-87149E6F7E15}.CI|Any CPU.Build.0 = Github|Any CPU
		{56A6ED69-C3B6-4AFD-8269-87149E6F7E15}.Debug|Any CPU.ActiveCfg = Debug|Any CPU
		{56A6ED69-C3B6-4AFD-8269-87149E6F7E15}.Debug|Any CPU.Build.0 = Debug|Any CPU
		{56A6ED69-C3B6-4AFD-8269-87149E6F7E15}.Release|Any CPU.ActiveCfg = Release|Any CPU
		{56A6ED69-C3B6-4AFD-8269-87149E6F7E15}.Release|Any CPU.Build.0 = Release|Any CPU
		{E118B516-0372-4FD3-BD71-1A315C3936E6}.CI|Any CPU.ActiveCfg = Github|Any CPU
		{E118B516-0372-4FD3-BD71-1A315C3936E6}.CI|Any CPU.Build.0 = Github|Any CPU
		{E118B516-0372-4FD3-BD71-1A315C3936E6}.Debug|Any CPU.ActiveCfg = Debug|Any CPU
		{E118B516-0372-4FD3-BD71-1A315C3936E6}.Debug|Any CPU.Build.0 = Debug|Any CPU
		{E118B516-0372-4FD3-BD71-1A315C3936E6}.Release|Any CPU.ActiveCfg = Release|Any CPU
		{E118B516-0372-4FD3-BD71-1A315C3936E6}.Release|Any CPU.Build.0 = Release|Any CPU
		{54671843-8D9C-4DCE-98FD-BDB8A425C6FF}.CI|Any CPU.ActiveCfg = Github|Any CPU
		{54671843-8D9C-4DCE-98FD-BDB8A425C6FF}.CI|Any CPU.Build.0 = Github|Any CPU
		{54671843-8D9C-4DCE-98FD-BDB8A425C6FF}.Debug|Any CPU.ActiveCfg = Debug|Any CPU
		{54671843-8D9C-4DCE-98FD-BDB8A425C6FF}.Debug|Any CPU.Build.0 = Debug|Any CPU
		{54671843-8D9C-4DCE-98FD-BDB8A425C6FF}.Release|Any CPU.ActiveCfg = Release|Any CPU
		{54671843-8D9C-4DCE-98FD-BDB8A425C6FF}.Release|Any CPU.Build.0 = Release|Any CPU
		{361EA657-AD53-416E-BBA2-9E08F7800BF2}.CI|Any CPU.ActiveCfg = Github|Any CPU
		{361EA657-AD53-416E-BBA2-9E08F7800BF2}.CI|Any CPU.Build.0 = Github|Any CPU
		{361EA657-AD53-416E-BBA2-9E08F7800BF2}.Debug|Any CPU.ActiveCfg = Debug|Any CPU
		{361EA657-AD53-416E-BBA2-9E08F7800BF2}.Debug|Any CPU.Build.0 = Debug|Any CPU
		{361EA657-AD53-416E-BBA2-9E08F7800BF2}.Release|Any CPU.ActiveCfg = Release|Any CPU
		{361EA657-AD53-416E-BBA2-9E08F7800BF2}.Release|Any CPU.Build.0 = Release|Any CPU
		{94354D48-CC2C-4AF7-8322-AA97FF50DE77}.CI|Any CPU.ActiveCfg = Github|Any CPU
		{94354D48-CC2C-4AF7-8322-AA97FF50DE77}.CI|Any CPU.Build.0 = Github|Any CPU
		{94354D48-CC2C-4AF7-8322-AA97FF50DE77}.Debug|Any CPU.ActiveCfg = Debug|Any CPU
		{94354D48-CC2C-4AF7-8322-AA97FF50DE77}.Debug|Any CPU.Build.0 = Debug|Any CPU
		{94354D48-CC2C-4AF7-8322-AA97FF50DE77}.Release|Any CPU.ActiveCfg = Release|Any CPU
		{94354D48-CC2C-4AF7-8322-AA97FF50DE77}.Release|Any CPU.Build.0 = Release|Any CPU
		{718B79C3-C46A-4568-B1F2-FB900E1C48A4}.CI|Any CPU.ActiveCfg = Github|Any CPU
		{718B79C3-C46A-4568-B1F2-FB900E1C48A4}.CI|Any CPU.Build.0 = Github|Any CPU
		{718B79C3-C46A-4568-B1F2-FB900E1C48A4}.Debug|Any CPU.ActiveCfg = Debug|Any CPU
		{718B79C3-C46A-4568-B1F2-FB900E1C48A4}.Debug|Any CPU.Build.0 = Debug|Any CPU
		{718B79C3-C46A-4568-B1F2-FB900E1C48A4}.Release|Any CPU.ActiveCfg = Release|Any CPU
		{718B79C3-C46A-4568-B1F2-FB900E1C48A4}.Release|Any CPU.Build.0 = Release|Any CPU
		{9B780223-EDEB-4CEC-A52E-A1193B686F33}.CI|Any CPU.ActiveCfg = Github|Any CPU
		{9B780223-EDEB-4CEC-A52E-A1193B686F33}.CI|Any CPU.Build.0 = Github|Any CPU
		{9B780223-EDEB-4CEC-A52E-A1193B686F33}.Debug|Any CPU.ActiveCfg = Debug|Any CPU
		{9B780223-EDEB-4CEC-A52E-A1193B686F33}.Debug|Any CPU.Build.0 = Debug|Any CPU
		{9B780223-EDEB-4CEC-A52E-A1193B686F33}.Release|Any CPU.ActiveCfg = Release|Any CPU
		{9B780223-EDEB-4CEC-A52E-A1193B686F33}.Release|Any CPU.Build.0 = Release|Any CPU
		{6BB10515-D300-4862-B097-C2FE687155C8}.CI|Any CPU.ActiveCfg = Github|Any CPU
		{6BB10515-D300-4862-B097-C2FE687155C8}.CI|Any CPU.Build.0 = Github|Any CPU
		{6BB10515-D300-4862-B097-C2FE687155C8}.Debug|Any CPU.ActiveCfg = Debug|Any CPU
		{6BB10515-D300-4862-B097-C2FE687155C8}.Debug|Any CPU.Build.0 = Debug|Any CPU
		{6BB10515-D300-4862-B097-C2FE687155C8}.Release|Any CPU.ActiveCfg = Release|Any CPU
		{6BB10515-D300-4862-B097-C2FE687155C8}.Release|Any CPU.Build.0 = Release|Any CPU
		{926BE5C1-6FA0-4343-A71E-DA936378C1C4}.CI|Any CPU.ActiveCfg = Github|Any CPU
		{926BE5C1-6FA0-4343-A71E-DA936378C1C4}.CI|Any CPU.Build.0 = Github|Any CPU
		{926BE5C1-6FA0-4343-A71E-DA936378C1C4}.Debug|Any CPU.ActiveCfg = Debug|Any CPU
		{926BE5C1-6FA0-4343-A71E-DA936378C1C4}.Debug|Any CPU.Build.0 = Debug|Any CPU
		{926BE5C1-6FA0-4343-A71E-DA936378C1C4}.Release|Any CPU.ActiveCfg = Release|Any CPU
		{926BE5C1-6FA0-4343-A71E-DA936378C1C4}.Release|Any CPU.Build.0 = Release|Any CPU
		{DC410431-AFEB-4E35-BF6B-E4E8BB99C61E}.CI|Any CPU.ActiveCfg = Github|Any CPU
		{DC410431-AFEB-4E35-BF6B-E4E8BB99C61E}.CI|Any CPU.Build.0 = Github|Any CPU
		{DC410431-AFEB-4E35-BF6B-E4E8BB99C61E}.Debug|Any CPU.ActiveCfg = Debug|Any CPU
		{DC410431-AFEB-4E35-BF6B-E4E8BB99C61E}.Debug|Any CPU.Build.0 = Debug|Any CPU
		{DC410431-AFEB-4E35-BF6B-E4E8BB99C61E}.Release|Any CPU.ActiveCfg = Release|Any CPU
		{DC410431-AFEB-4E35-BF6B-E4E8BB99C61E}.Release|Any CPU.Build.0 = Release|Any CPU
		{7249C58E-B43F-4F5F-8473-62992595BAF1}.CI|Any CPU.ActiveCfg = Github|Any CPU
		{7249C58E-B43F-4F5F-8473-62992595BAF1}.CI|Any CPU.Build.0 = Github|Any CPU
		{7249C58E-B43F-4F5F-8473-62992595BAF1}.Debug|Any CPU.ActiveCfg = Debug|Any CPU
		{7249C58E-B43F-4F5F-8473-62992595BAF1}.Debug|Any CPU.Build.0 = Debug|Any CPU
		{7249C58E-B43F-4F5F-8473-62992595BAF1}.Release|Any CPU.ActiveCfg = Release|Any CPU
		{7249C58E-B43F-4F5F-8473-62992595BAF1}.Release|Any CPU.Build.0 = Release|Any CPU
		{E0349A67-F7FF-47DF-AF78-F86E12CCBF9D}.CI|Any CPU.ActiveCfg = Github|Any CPU
		{E0349A67-F7FF-47DF-AF78-F86E12CCBF9D}.CI|Any CPU.Build.0 = Github|Any CPU
		{E0349A67-F7FF-47DF-AF78-F86E12CCBF9D}.Debug|Any CPU.ActiveCfg = Debug|Any CPU
		{E0349A67-F7FF-47DF-AF78-F86E12CCBF9D}.Debug|Any CPU.Build.0 = Debug|Any CPU
		{E0349A67-F7FF-47DF-AF78-F86E12CCBF9D}.Release|Any CPU.ActiveCfg = Release|Any CPU
		{E0349A67-F7FF-47DF-AF78-F86E12CCBF9D}.Release|Any CPU.Build.0 = Release|Any CPU
		{A1B0F154-DCF8-4FB8-9013-D9CA766F7622}.CI|Any CPU.ActiveCfg = Github|Any CPU
		{A1B0F154-DCF8-4FB8-9013-D9CA766F7622}.CI|Any CPU.Build.0 = Github|Any CPU
		{A1B0F154-DCF8-4FB8-9013-D9CA766F7622}.Debug|Any CPU.ActiveCfg = Debug|Any CPU
		{A1B0F154-DCF8-4FB8-9013-D9CA766F7622}.Debug|Any CPU.Build.0 = Debug|Any CPU
		{A1B0F154-DCF8-4FB8-9013-D9CA766F7622}.Release|Any CPU.ActiveCfg = Release|Any CPU
		{A1B0F154-DCF8-4FB8-9013-D9CA766F7622}.Release|Any CPU.Build.0 = Release|Any CPU
		{A18435FB-C0D7-40A1-9780-3DA6CC28F418}.CI|Any CPU.ActiveCfg = Github|Any CPU
		{A18435FB-C0D7-40A1-9780-3DA6CC28F418}.CI|Any CPU.Build.0 = Github|Any CPU
		{A18435FB-C0D7-40A1-9780-3DA6CC28F418}.Debug|Any CPU.ActiveCfg = Debug|Any CPU
		{A18435FB-C0D7-40A1-9780-3DA6CC28F418}.Debug|Any CPU.Build.0 = Debug|Any CPU
		{A18435FB-C0D7-40A1-9780-3DA6CC28F418}.Release|Any CPU.ActiveCfg = Release|Any CPU
		{A18435FB-C0D7-40A1-9780-3DA6CC28F418}.Release|Any CPU.Build.0 = Release|Any CPU
		{5907C612-9C7E-404C-B97E-6A84EAB6CDEC}.CI|Any CPU.ActiveCfg = Github|Any CPU
		{5907C612-9C7E-404C-B97E-6A84EAB6CDEC}.CI|Any CPU.Build.0 = Github|Any CPU
		{5907C612-9C7E-404C-B97E-6A84EAB6CDEC}.Debug|Any CPU.ActiveCfg = Debug|Any CPU
		{5907C612-9C7E-404C-B97E-6A84EAB6CDEC}.Debug|Any CPU.Build.0 = Debug|Any CPU
		{5907C612-9C7E-404C-B97E-6A84EAB6CDEC}.Release|Any CPU.ActiveCfg = Release|Any CPU
		{5907C612-9C7E-404C-B97E-6A84EAB6CDEC}.Release|Any CPU.Build.0 = Release|Any CPU
		{B5AE9CC1-0400-4150-A262-2B58E09288A9}.CI|Any CPU.ActiveCfg = Github|Any CPU
		{B5AE9CC1-0400-4150-A262-2B58E09288A9}.CI|Any CPU.Build.0 = Github|Any CPU
		{B5AE9CC1-0400-4150-A262-2B58E09288A9}.Debug|Any CPU.ActiveCfg = Debug|Any CPU
		{B5AE9CC1-0400-4150-A262-2B58E09288A9}.Debug|Any CPU.Build.0 = Debug|Any CPU
		{B5AE9CC1-0400-4150-A262-2B58E09288A9}.Release|Any CPU.ActiveCfg = Release|Any CPU
		{B5AE9CC1-0400-4150-A262-2B58E09288A9}.Release|Any CPU.Build.0 = Release|Any CPU
		{2B2EF5B4-34DF-4188-BB3D-EEDB1D7F7BDE}.CI|Any CPU.ActiveCfg = Github|Any CPU
		{2B2EF5B4-34DF-4188-BB3D-EEDB1D7F7BDE}.CI|Any CPU.Build.0 = Github|Any CPU
		{2B2EF5B4-34DF-4188-BB3D-EEDB1D7F7BDE}.Debug|Any CPU.ActiveCfg = Debug|Any CPU
		{2B2EF5B4-34DF-4188-BB3D-EEDB1D7F7BDE}.Debug|Any CPU.Build.0 = Debug|Any CPU
		{2B2EF5B4-34DF-4188-BB3D-EEDB1D7F7BDE}.Release|Any CPU.ActiveCfg = Release|Any CPU
		{2B2EF5B4-34DF-4188-BB3D-EEDB1D7F7BDE}.Release|Any CPU.Build.0 = Release|Any CPU
		{B5AACE80-9154-4EBB-AD0B-DDE744E8D169}.CI|Any CPU.ActiveCfg = Github|Any CPU
		{B5AACE80-9154-4EBB-AD0B-DDE744E8D169}.CI|Any CPU.Build.0 = Github|Any CPU
		{B5AACE80-9154-4EBB-AD0B-DDE744E8D169}.Debug|Any CPU.ActiveCfg = Debug|Any CPU
		{B5AACE80-9154-4EBB-AD0B-DDE744E8D169}.Debug|Any CPU.Build.0 = Debug|Any CPU
		{B5AACE80-9154-4EBB-AD0B-DDE744E8D169}.Release|Any CPU.ActiveCfg = Release|Any CPU
		{B5AACE80-9154-4EBB-AD0B-DDE744E8D169}.Release|Any CPU.Build.0 = Release|Any CPU
		{57EECEF8-DEEB-4FDF-AD7F-736D7E764480}.CI|Any CPU.ActiveCfg = Github|Any CPU
		{57EECEF8-DEEB-4FDF-AD7F-736D7E764480}.CI|Any CPU.Build.0 = Github|Any CPU
		{57EECEF8-DEEB-4FDF-AD7F-736D7E764480}.Debug|Any CPU.ActiveCfg = Debug|Any CPU
		{57EECEF8-DEEB-4FDF-AD7F-736D7E764480}.Debug|Any CPU.Build.0 = Debug|Any CPU
		{57EECEF8-DEEB-4FDF-AD7F-736D7E764480}.Release|Any CPU.ActiveCfg = Release|Any CPU
		{57EECEF8-DEEB-4FDF-AD7F-736D7E764480}.Release|Any CPU.Build.0 = Release|Any CPU
		{14919CA0-1707-4ED6-8473-F17A69F96A32}.CI|Any CPU.ActiveCfg = Github|Any CPU
		{14919CA0-1707-4ED6-8473-F17A69F96A32}.CI|Any CPU.Build.0 = Github|Any CPU
		{14919CA0-1707-4ED6-8473-F17A69F96A32}.Debug|Any CPU.ActiveCfg = Debug|Any CPU
		{14919CA0-1707-4ED6-8473-F17A69F96A32}.Debug|Any CPU.Build.0 = Debug|Any CPU
		{14919CA0-1707-4ED6-8473-F17A69F96A32}.Release|Any CPU.ActiveCfg = Release|Any CPU
		{14919CA0-1707-4ED6-8473-F17A69F96A32}.Release|Any CPU.Build.0 = Release|Any CPU
		{C9C35428-FA73-4A16-A060-1DA1E75EC2B4}.CI|Any CPU.ActiveCfg = Github|Any CPU
		{C9C35428-FA73-4A16-A060-1DA1E75EC2B4}.CI|Any CPU.Build.0 = Github|Any CPU
		{C9C35428-FA73-4A16-A060-1DA1E75EC2B4}.Debug|Any CPU.ActiveCfg = Debug|Any CPU
		{C9C35428-FA73-4A16-A060-1DA1E75EC2B4}.Debug|Any CPU.Build.0 = Debug|Any CPU
		{C9C35428-FA73-4A16-A060-1DA1E75EC2B4}.Release|Any CPU.ActiveCfg = Release|Any CPU
		{C9C35428-FA73-4A16-A060-1DA1E75EC2B4}.Release|Any CPU.Build.0 = Release|Any CPU
		{C4BC2668-C3D9-4EC9-AB9A-0CBEB252DE73}.CI|Any CPU.ActiveCfg = Github|Any CPU
		{C4BC2668-C3D9-4EC9-AB9A-0CBEB252DE73}.CI|Any CPU.Build.0 = Github|Any CPU
		{C4BC2668-C3D9-4EC9-AB9A-0CBEB252DE73}.Debug|Any CPU.ActiveCfg = Debug|Any CPU
		{C4BC2668-C3D9-4EC9-AB9A-0CBEB252DE73}.Debug|Any CPU.Build.0 = Debug|Any CPU
		{C4BC2668-C3D9-4EC9-AB9A-0CBEB252DE73}.Release|Any CPU.ActiveCfg = Release|Any CPU
		{C4BC2668-C3D9-4EC9-AB9A-0CBEB252DE73}.Release|Any CPU.Build.0 = Release|Any CPU
		{38E93689-1FD4-4EEC-B23E-8232C8E43EB1}.CI|Any CPU.ActiveCfg = Github|Any CPU
		{38E93689-1FD4-4EEC-B23E-8232C8E43EB1}.CI|Any CPU.Build.0 = Github|Any CPU
		{38E93689-1FD4-4EEC-B23E-8232C8E43EB1}.Debug|Any CPU.ActiveCfg = Debug|Any CPU
		{38E93689-1FD4-4EEC-B23E-8232C8E43EB1}.Debug|Any CPU.Build.0 = Debug|Any CPU
		{38E93689-1FD4-4EEC-B23E-8232C8E43EB1}.Release|Any CPU.ActiveCfg = Release|Any CPU
		{38E93689-1FD4-4EEC-B23E-8232C8E43EB1}.Release|Any CPU.Build.0 = Release|Any CPU
		{A8631898-6FA1-4A39-AE17-FA835468B855}.CI|Any CPU.ActiveCfg = Github|Any CPU
		{A8631898-6FA1-4A39-AE17-FA835468B855}.CI|Any CPU.Build.0 = Github|Any CPU
		{A8631898-6FA1-4A39-AE17-FA835468B855}.Debug|Any CPU.ActiveCfg = Debug|Any CPU
		{A8631898-6FA1-4A39-AE17-FA835468B855}.Debug|Any CPU.Build.0 = Debug|Any CPU
		{A8631898-6FA1-4A39-AE17-FA835468B855}.Release|Any CPU.ActiveCfg = Release|Any CPU
		{A8631898-6FA1-4A39-AE17-FA835468B855}.Release|Any CPU.Build.0 = Release|Any CPU
		{AA7E308B-5423-4F90-822E-B4549639B57D}.CI|Any CPU.ActiveCfg = Github|Any CPU
		{AA7E308B-5423-4F90-822E-B4549639B57D}.CI|Any CPU.Build.0 = Github|Any CPU
		{AA7E308B-5423-4F90-822E-B4549639B57D}.Debug|Any CPU.ActiveCfg = Debug|Any CPU
		{AA7E308B-5423-4F90-822E-B4549639B57D}.Debug|Any CPU.Build.0 = Debug|Any CPU
		{AA7E308B-5423-4F90-822E-B4549639B57D}.Release|Any CPU.ActiveCfg = Release|Any CPU
		{AA7E308B-5423-4F90-822E-B4549639B57D}.Release|Any CPU.Build.0 = Release|Any CPU
		{7E305FD4-C90D-40BE-AC13-DE7C57626F5A}.CI|Any CPU.ActiveCfg = Github|Any CPU
		{7E305FD4-C90D-40BE-AC13-DE7C57626F5A}.Debug|Any CPU.ActiveCfg = Debug|Any CPU
		{7E305FD4-C90D-40BE-AC13-DE7C57626F5A}.Debug|Any CPU.Build.0 = Debug|Any CPU
		{7E305FD4-C90D-40BE-AC13-DE7C57626F5A}.Release|Any CPU.ActiveCfg = Release|Any CPU
		{7E305FD4-C90D-40BE-AC13-DE7C57626F5A}.Release|Any CPU.Build.0 = Release|Any CPU
		{4AD04AC6-8523-465A-8CB6-8B7BAE2F2888}.CI|Any CPU.ActiveCfg = Debug|Any CPU
		{4AD04AC6-8523-465A-8CB6-8B7BAE2F2888}.CI|Any CPU.Build.0 = Debug|Any CPU
		{4AD04AC6-8523-465A-8CB6-8B7BAE2F2888}.Debug|Any CPU.ActiveCfg = Debug|Any CPU
		{4AD04AC6-8523-465A-8CB6-8B7BAE2F2888}.Debug|Any CPU.Build.0 = Debug|Any CPU
		{4AD04AC6-8523-465A-8CB6-8B7BAE2F2888}.Release|Any CPU.ActiveCfg = Release|Any CPU
		{4AD04AC6-8523-465A-8CB6-8B7BAE2F2888}.Release|Any CPU.Build.0 = Release|Any CPU
		{D846ED0C-3D7C-4860-9F2E-44974598A3DB}.CI|Any CPU.ActiveCfg = Debug|Any CPU
		{D846ED0C-3D7C-4860-9F2E-44974598A3DB}.CI|Any CPU.Build.0 = Debug|Any CPU
		{D846ED0C-3D7C-4860-9F2E-44974598A3DB}.Debug|Any CPU.ActiveCfg = Debug|Any CPU
		{D846ED0C-3D7C-4860-9F2E-44974598A3DB}.Debug|Any CPU.Build.0 = Debug|Any CPU
		{D846ED0C-3D7C-4860-9F2E-44974598A3DB}.Release|Any CPU.ActiveCfg = Release|Any CPU
		{D846ED0C-3D7C-4860-9F2E-44974598A3DB}.Release|Any CPU.Build.0 = Release|Any CPU
	EndGlobalSection
	GlobalSection(SolutionProperties) = preSolution
		HideSolutionNode = FALSE
	EndGlobalSection
	GlobalSection(ExtensibilityGlobals) = postSolution
		SolutionGuid = {80C45D88-9CD5-4381-8C17-88137B1A6B06}
	EndGlobalSection
EndGlobal
